{
  "nodes": {
    "algebra-simple": {
      "inputs": {
        "flake-parts": [
          "flake-parts"
        ],
        "nix-hs-utils": [
          "nix-hs-utils"
        ],
        "nixpkgs": [
          "nixpkgs"
        ]
      },
      "locked": {
        "lastModified": 1738892617,
        "narHash": "sha256-K/l8MIFerpM3qOkCcuIUhxBPs1sjaermx98ojLs0JzI=",
        "owner": "tbidne",
        "repo": "algebra-simple",
        "rev": "37ec7127fbd0f591d4539e4bf72a0badd7569181",
        "type": "github"
      },
      "original": {
        "owner": "tbidne",
        "repo": "algebra-simple",
        "type": "github"
      }
    },
    "bounds": {
      "inputs": {
        "flake-parts": [
          "flake-parts"
        ],
        "nix-hs-utils": [
          "nix-hs-utils"
        ],
        "nixpkgs": [
          "nixpkgs"
        ]
      },
      "locked": {
        "lastModified": 1736903719,
        "narHash": "sha256-FTet9BtDMzNUYAy6xESAC+zuXzSvKgsnYoVvZBYXSpA=",
        "owner": "tbidne",
        "repo": "bounds",
        "rev": "b7ca541cfdd8564bcebe5d38456fe7abf77885b8",
        "type": "github"
      },
      "original": {
        "owner": "tbidne",
        "repo": "bounds",
        "type": "github"
      }
    },
    "effectful-libs": {
      "inputs": {
        "algebra-simple": [
          "algebra-simple"
        ],
        "bounds": [
          "bounds"
        ],
        "exception-utils": [
          "exception-utils"
        ],
        "flake-parts": [
          "flake-parts"
        ],
        "fs-utils": [
          "fs-utils"
        ],
        "nix-hs-utils": [
          "nix-hs-utils"
        ],
        "nixpkgs": [
          "nixpkgs"
        ]
      },
      "locked": {
        "lastModified": 1747783597,
        "narHash": "sha256-zL7EQW6UEojpOTPSpAEmV2aP8BnmgMO8loFhwPSC4UU=",
        "owner": "tbidne",
        "repo": "effectful-libs",
        "rev": "52445b6e090f6bf33135d850696efdfacba65360",
        "type": "github"
      },
      "original": {
        "owner": "tbidne",
        "repo": "effectful-libs",
        "type": "github"
      }
    },
    "exception-utils": {
      "inputs": {
        "flake-parts": [
          "flake-parts"
        ],
        "nix-hs-utils": [
          "nix-hs-utils"
        ],
        "nixpkgs": [
          "nixpkgs"
        ]
      },
      "locked": {
        "lastModified": 1738875981,
        "narHash": "sha256-UXYDrw4/bty2qyjNmvaTYSng0L+MDdzAzawG5gXBcF8=",
        "owner": "tbidne",
        "repo": "exception-utils",
        "rev": "e28b28ae3bc90a0336abf69eff28369b790f4e13",
        "type": "github"
      },
      "original": {
        "owner": "tbidne",
        "repo": "exception-utils",
        "type": "github"
      }
    },
    "flake-parts": {
      "inputs": {
        "nixpkgs-lib": "nixpkgs-lib"
      },
      "locked": {
        "lastModified": 1743550720,
        "narHash": "sha256-hIshGgKZCgWh6AYJpJmRgFdR3WUbkY04o82X05xqQiY=",
        "owner": "hercules-ci",
        "repo": "flake-parts",
        "rev": "c621e8422220273271f52058f618c94e405bb0f5",
        "type": "github"
      },
      "original": {
        "owner": "hercules-ci",
        "repo": "flake-parts",
        "type": "github"
      }
    },
    "fs-utils": {
      "inputs": {
        "flake-parts": [
          "flake-parts"
        ],
        "nix-hs-utils": [
          "nix-hs-utils"
        ],
        "nixpkgs": [
          "nixpkgs"
        ]
      },
      "locked": {
        "lastModified": 1746064919,
        "narHash": "sha256-1SpBSjkN1i8nLGTXhsI9810Jfwp3FV1rUjmCf/j6Vy4=",
        "owner": "tbidne",
        "repo": "fs-utils",
        "rev": "2389f7dbe5b94f65bd22088f4e5a5f6644caaade",
        "type": "github"
      },
      "original": {
        "owner": "tbidne",
        "repo": "fs-utils",
        "type": "github"
      }
    },
    "nix-hs-utils": {
      "locked": {
        "lastModified": 1742030678,
        "narHash": "sha256-2bNL8xwtwuwTSE6WrWBu6tg2MF8hhtZWJy/KrDqNchA=",
        "owner": "tbidne",
        "repo": "nix-hs-utils",
        "rev": "4ac2f27bad136886a3f8b2b3c76e1fa53f867cb1",
        "type": "github"
      },
      "original": {
        "owner": "tbidne",
        "repo": "nix-hs-utils",
        "type": "github"
      }
    },
    "nixpkgs": {
      "locked": {
        "lastModified": 1747744144,
        "narHash": "sha256-W7lqHp0qZiENCDwUZ5EX/lNhxjMdNapFnbErcbnP11Q=",
        "owner": "nixos",
        "repo": "nixpkgs",
        "rev": "2795c506fe8fb7b03c36ccb51f75b6df0ab2553f",
        "type": "github"
      },
      "original": {
        "owner": "nixos",
        "ref": "nixos-unstable",
        "repo": "nixpkgs",
        "type": "github"
      }
    },
    "nixpkgs-lib": {
      "locked": {
        "lastModified": 1743296961,
        "narHash": "sha256-b1EdN3cULCqtorQ4QeWgLMrd5ZGOjLSLemfa00heasc=",
        "owner": "nix-community",
        "repo": "nixpkgs.lib",
        "rev": "e4822aea2a6d1cdd36653c134cacfd64c97ff4fa",
        "type": "github"
      },
      "original": {
        "owner": "nix-community",
        "repo": "nixpkgs.lib",
        "type": "github"
      }
    },
    "relative-time": {
      "inputs": {
        "algebra-simple": [
          "algebra-simple"
        ],
        "bounds": [
          "bounds"
        ],
        "flake-parts": [
          "flake-parts"
        ],
        "nix-hs-utils": [
          "nix-hs-utils"
        ],
        "nixpkgs": [
          "nixpkgs"
        ]
      },
      "locked": {
        "lastModified": 1747093110,
        "narHash": "sha256-+DFYKTv/4O9KmwXEl+bxwOr5+RsxiZCUqKfAK7RbIkU=",
        "owner": "tbidne",
        "repo": "relative-time",
        "rev": "be79249b8909dba64d3b301025d4d684f46ec2a1",
        "type": "github"
      },
      "original": {
        "owner": "tbidne",
        "repo": "relative-time",
        "type": "github"
      }
    },
    "root": {
      "inputs": {
        "algebra-simple": "algebra-simple",
        "bounds": "bounds",
        "effectful-libs": "effectful-libs",
        "exception-utils": "exception-utils",
        "flake-parts": "flake-parts",
        "fs-utils": "fs-utils",
        "nix-hs-utils": "nix-hs-utils",
        "nixpkgs": "nixpkgs",
        "relative-time": "relative-time"
      }
    }
  },
  "root": "root",
  "version": 7
}
