{
  "nodes": {
    "algebra-simple": {
      "inputs": {
        "flake-parts": [
          "flake-parts"
        ],
        "nix-hs-utils": [
          "nix-hs-utils"
        ],
        "nixpkgs": [
          "nixpkgs"
        ]
      },
      "locked": {
        "lastModified": 1738892617,
        "narHash": "sha256-K/l8MIFerpM3qOkCcuIUhxBPs1sjaermx98ojLs0JzI=",
        "owner": "tbidne",
        "repo": "algebra-simple",
        "rev": "37ec7127fbd0f591d4539e4bf72a0badd7569181",
        "type": "github"
      },
      "original": {
        "owner": "tbidne",
        "repo": "algebra-simple",
        "type": "github"
      }
    },
    "algebra-simple_2": {
      "inputs": {
        "flake-parts": [
          "effectful-libs",
          "flake-parts"
        ],
        "nix-hs-utils": [
          "effectful-libs",
          "nix-hs-utils"
        ],
        "nixpkgs": [
          "effectful-libs",
          "nixpkgs"
        ]
      },
      "locked": {
        "lastModified": 1736903086,
        "narHash": "sha256-gvQvQ1ZT+HlJMkNma0f0VG9zpzF50FeCDuQ4nTUKc7s=",
        "owner": "tbidne",
        "repo": "algebra-simple",
        "rev": "973852fc69a3bb7c0477dafcc933c14ec4cb0f75",
        "type": "github"
      },
      "original": {
        "owner": "tbidne",
        "repo": "algebra-simple",
        "type": "github"
      }
    },
    "algebra-simple_3": {
      "inputs": {
        "flake-parts": [
          "relative-time",
          "flake-parts"
        ],
        "nix-hs-utils": [
          "relative-time",
          "nix-hs-utils"
        ],
        "nixpkgs": [
          "relative-time",
          "nixpkgs"
        ]
      },
      "locked": {
        "lastModified": 1736903086,
        "narHash": "sha256-gvQvQ1ZT+HlJMkNma0f0VG9zpzF50FeCDuQ4nTUKc7s=",
        "owner": "tbidne",
        "repo": "algebra-simple",
        "rev": "973852fc69a3bb7c0477dafcc933c14ec4cb0f75",
        "type": "github"
      },
      "original": {
        "owner": "tbidne",
        "repo": "algebra-simple",
        "type": "github"
      }
    },
    "bounds": {
      "inputs": {
        "flake-parts": [
          "flake-parts"
        ],
        "nix-hs-utils": [
          "nix-hs-utils"
        ],
        "nixpkgs": [
          "nixpkgs"
        ]
      },
      "locked": {
        "lastModified": 1736903719,
        "narHash": "sha256-FTet9BtDMzNUYAy6xESAC+zuXzSvKgsnYoVvZBYXSpA=",
        "owner": "tbidne",
        "repo": "bounds",
        "rev": "b7ca541cfdd8564bcebe5d38456fe7abf77885b8",
        "type": "github"
      },
      "original": {
        "owner": "tbidne",
        "repo": "bounds",
        "type": "github"
      }
    },
    "bounds_2": {
      "inputs": {
        "flake-parts": [
          "effectful-libs",
          "flake-parts"
        ],
        "nix-hs-utils": [
          "effectful-libs",
          "nix-hs-utils"
        ],
        "nixpkgs": [
          "effectful-libs",
          "nixpkgs"
        ]
      },
      "locked": {
        "lastModified": 1736903719,
        "narHash": "sha256-FTet9BtDMzNUYAy6xESAC+zuXzSvKgsnYoVvZBYXSpA=",
        "owner": "tbidne",
        "repo": "bounds",
        "rev": "b7ca541cfdd8564bcebe5d38456fe7abf77885b8",
        "type": "github"
      },
      "original": {
        "owner": "tbidne",
        "repo": "bounds",
        "type": "github"
      }
    },
    "bounds_3": {
      "inputs": {
        "flake-parts": [
          "relative-time",
          "flake-parts"
        ],
        "nix-hs-utils": [
          "relative-time",
          "nix-hs-utils"
        ],
        "nixpkgs": [
          "relative-time",
          "nixpkgs"
        ]
      },
      "locked": {
        "lastModified": 1736903719,
        "narHash": "sha256-FTet9BtDMzNUYAy6xESAC+zuXzSvKgsnYoVvZBYXSpA=",
        "owner": "tbidne",
        "repo": "bounds",
        "rev": "b7ca541cfdd8564bcebe5d38456fe7abf77885b8",
        "type": "github"
      },
      "original": {
        "owner": "tbidne",
        "repo": "bounds",
        "type": "github"
      }
    },
    "effectful-libs": {
      "inputs": {
        "algebra-simple": "algebra-simple_2",
        "bounds": "bounds_2",
        "exception-utils": [
          "exception-utils"
        ],
        "flake-parts": [
          "flake-parts"
        ],
        "fs-utils": [
          "fs-utils"
        ],
        "nix-hs-utils": [
          "nix-hs-utils"
        ],
        "nixpkgs": [
          "nixpkgs"
        ]
      },
      "locked": {
        "lastModified": 1740433043,
        "narHash": "sha256-wQ0ceIu+U3mfiFhM4ycEd00q6weFgSWMb8sF9Z9Vw8Q=",
        "owner": "tbidne",
        "repo": "effectful-libs",
        "rev": "dc6de14e5e259d5557c34b2fd7ebd597900b6ea7",
        "type": "github"
      },
      "original": {
        "owner": "tbidne",
        "repo": "effectful-libs",
        "type": "github"
      }
    },
    "exception-utils": {
      "inputs": {
        "flake-parts": [
          "flake-parts"
        ],
        "nix-hs-utils": [
          "nix-hs-utils"
        ],
        "nixpkgs": [
          "nixpkgs"
        ]
      },
      "locked": {
        "lastModified": 1738875981,
        "narHash": "sha256-UXYDrw4/bty2qyjNmvaTYSng0L+MDdzAzawG5gXBcF8=",
        "owner": "tbidne",
        "repo": "exception-utils",
        "rev": "e28b28ae3bc90a0336abf69eff28369b790f4e13",
        "type": "github"
      },
      "original": {
        "owner": "tbidne",
        "repo": "exception-utils",
        "type": "github"
      }
    },
    "flake-parts": {
      "inputs": {
        "nixpkgs-lib": "nixpkgs-lib"
      },
      "locked": {
        "lastModified": 1738453229,
        "narHash": "sha256-7H9XgNiGLKN1G1CgRh0vUL4AheZSYzPm+zmZ7vxbJdo=",
        "owner": "hercules-ci",
        "repo": "flake-parts",
        "rev": "32ea77a06711b758da0ad9bd6a844c5740a87abd",
        "type": "github"
      },
      "original": {
        "owner": "hercules-ci",
        "repo": "flake-parts",
        "type": "github"
      }
    },
    "fs-utils": {
      "inputs": {
        "flake-parts": [
          "flake-parts"
        ],
        "nix-hs-utils": [
          "nix-hs-utils"
        ],
        "nixpkgs": [
          "nixpkgs"
        ]
      },
      "locked": {
        "lastModified": 1740017995,
        "narHash": "sha256-jh9mSKXqtFapRtOQ6A6sjPsZKAvaQccVmeIKQq07deE=",
        "owner": "tbidne",
        "repo": "fs-utils",
        "rev": "83472bc22a938db0d3b4c02a24a52bfca0484637",
        "type": "github"
      },
      "original": {
        "owner": "tbidne",
        "repo": "fs-utils",
        "type": "github"
      }
    },
    "nix-hs-utils": {
      "locked": {
        "lastModified": 1730953801,
        "narHash": "sha256-RGRGB7HWoD7iNyTEqylkIlmK1TrPH+o8Afl2jZngj9Q=",
        "owner": "tbidne",
        "repo": "nix-hs-utils",
        "rev": "413e36cdd878ae5dee8b581bb1bca77feb4700c8",
        "type": "github"
      },
      "original": {
        "owner": "tbidne",
        "repo": "nix-hs-utils",
        "type": "github"
      }
    },
    "nixpkgs": {
      "locked": {
        "lastModified": 1740367490,
        "narHash": "sha256-WGaHVAjcrv+Cun7zPlI41SerRtfknGQap281+AakSAw=",
        "owner": "nixos",
        "repo": "nixpkgs",
        "rev": "0196c0175e9191c474c26ab5548db27ef5d34b05",
        "type": "github"
      },
      "original": {
        "owner": "nixos",
        "ref": "nixos-unstable",
        "repo": "nixpkgs",
        "type": "github"
      }
    },
    "nixpkgs-lib": {
      "locked": {
        "lastModified": 1738452942,
        "narHash": "sha256-vJzFZGaCpnmo7I6i416HaBLpC+hvcURh/BQwROcGIp8=",
        "type": "tarball",
        "url": "https://github.com/NixOS/nixpkgs/archive/072a6db25e947df2f31aab9eccd0ab75d5b2da11.tar.gz"
      },
      "original": {
        "type": "tarball",
        "url": "https://github.com/NixOS/nixpkgs/archive/072a6db25e947df2f31aab9eccd0ab75d5b2da11.tar.gz"
      }
    },
    "relative-time": {
      "inputs": {
        "algebra-simple": "algebra-simple_3",
        "bounds": "bounds_3",
        "flake-parts": [
          "flake-parts"
        ],
        "nix-hs-utils": [
          "nix-hs-utils"
        ],
        "nixpkgs": [
          "nixpkgs"
        ]
      },
      "locked": {
        "lastModified": 1736908482,
        "narHash": "sha256-uTHeKY+5LdjaSQ+XBfJ3JM3GndAh2YVP8FBWHz5FNfs=",
        "owner": "tbidne",
        "repo": "relative-time",
        "rev": "6bd6c1208bcda9f5d5ecb7ff45fafb91929cdea8",
        "type": "github"
      },
      "original": {
        "owner": "tbidne",
        "repo": "relative-time",
        "type": "github"
      }
    },
    "root": {
      "inputs": {
        "algebra-simple": "algebra-simple",
        "bounds": "bounds",
        "effectful-libs": "effectful-libs",
        "exception-utils": "exception-utils",
        "flake-parts": "flake-parts",
        "fs-utils": "fs-utils",
        "nix-hs-utils": "nix-hs-utils",
        "nixpkgs": "nixpkgs",
        "relative-time": "relative-time"
      }
    }
  },
  "root": "root",
  "version": 7
}
